
Microsoft Visual Studio Solution File, Format Version 12.00
# Visual Studio 14
VisualStudioVersion = 14.0.23107.0
MinimumVisualStudioVersion = 10.0.40219.1
Project("{FAE04EC0-301F-11D3-BF4B-00C04F79EFBC}") = "PlaySound", "PlaySound\PlaySound.csproj", "{D489892F-C063-4363-B442-7F10C03E5463}"
EndProject
Project("{FAE04EC0-301F-11D3-BF4B-00C04F79EFBC}") = "GameAudio", "GameAudio\GameAudio.csproj", "{430B63D8-1B2E-4D26-A6C4-35EFD2114C41}"
EndProject
Global
	GlobalSection(SolutionConfigurationPlatforms) = preSolution
		Debug|Any CPU = Debug|Any CPU
		Release|Any CPU = Release|Any CPU
	EndGlobalSection
	GlobalSection(ProjectConfigurationPlatforms) = postSolution
		{D489892F-C063-4363-B442-7F10C03E5463}.Debug|Any CPU.ActiveCfg = Debug|Any CPU
		{D489892F-C063-4363-B442-7F10C03E5463}.Debug|Any CPU.Build.0 = Debug|Any CPU
		{D489892F-C063-4363-B442-7F10C03E5463}.Release|Any CPU.ActiveCfg = Release|Any CPU
		{D489892F-C063-4363-B442-7F10C03E5463}.Release|Any CPU.Build.0 = Release|Any CPU
		{430B63D8-1B2E-4D26-A6C4-35EFD2114C41}.Debug|Any CPU.ActiveCfg = Debug|Any CPU
		{430B63D8-1B2E-4D26-A6C4-35EFD2114C41}.Debug|Any CPU.Build.0 = Debug|Any CPU
		{430B63D8-1B2E-4D26-A6C4-35EFD2114C41}.Release|Any CPU.ActiveCfg = Release|Any CPU
		{430B63D8-1B2E-4D26-A6C4-35EFD2114C41}.Release|Any CPU.Build.0 = Release|Any CPU
	EndGlobalSection
	GlobalSection(SolutionProperties) = preSolution
		HideSolutionNode = FALSE
	EndGlobalSection
EndGlobal
