// !$*UTF8*$!
{
	archiveVersion = 1;
	classes = {
	};
	objectVersion = 48;
	objects = {

/* Begin PBXBuildFile section */
		8C32BB002171A1D8003E4BAC /* QuartzCore.framework in Frameworks */ = {isa = PBXBuildFile; fileRef = 8C32BAFF2171A1D8003E4BAC /* QuartzCore.framework */; };
		8C406F5B2259048800E28FE7 /* Config-generated.xcconfig in Resources */ = {isa = PBXBuildFile; fileRef = 8C406F5A2259048800E28FE7 /* Config-generated.xcconfig */; };
		8C613DE021C66D7E005915F0 /* OpenAL.framework in Frameworks */ = {isa = PBXBuildFile; fileRef = 8C613DDF21C66D7E005915F0 /* OpenAL.framework */; };
		8C613DE321C66FAD005915F0 /* Assets.lca in Resources */ = {isa = PBXBuildFile; fileRef = 8C613DDE21C66D0D005915F0 /* Assets.lca */; };
		8C95E8C6213BC8B100772569 /* AppDelegate.mm in Sources */ = {isa = PBXBuildFile; fileRef = 8C95E8C5213BC8B100772569 /* AppDelegate.mm */; };
		8C95E8C9213BC8B100772569 /* Renderer.mm in Sources */ = {isa = PBXBuildFile; fileRef = 8C95E8C8213BC8B100772569 /* Renderer.mm */; };
		8C95E8CC213BC8B100772569 /* GameViewController.mm in Sources */ = {isa = PBXBuildFile; fileRef = 8C95E8CB213BC8B100772569 /* GameViewController.mm */; };
		8C95E8D2213BC8B100772569 /* Main.storyboard in Resources */ = {isa = PBXBuildFile; fileRef = 8C95E8D0213BC8B100772569 /* Main.storyboard */; };
		8C95E8D4213BC8B100772569 /* Assets.xcassets in Resources */ = {isa = PBXBuildFile; fileRef = 8C95E8D3213BC8B100772569 /* Assets.xcassets */; };
		8C95E8D7213BC8B100772569 /* LaunchScreen.storyboard in Resources */ = {isa = PBXBuildFile; fileRef = 8C95E8D5213BC8B100772569 /* LaunchScreen.storyboard */; };
		8C95E8DA213BC8B100772569 /* main.mm in Sources */ = {isa = PBXBuildFile; fileRef = 8C95E8D9213BC8B100772569 /* main.mm */; };
		8C97636721760C0800839863 /* App.cpp in Sources */ = {isa = PBXBuildFile; fileRef = 8C97636621760C0800839863 /* App.cpp */; };
		8CC44761216F8BF7002F20DA /* UIKit.framework in Frameworks */ = {isa = PBXBuildFile; fileRef = 8CC44760216F8BF7002F20DA /* UIKit.framework */; };
		8CC44763216F8C24002F20DA /* Foundation.framework in Frameworks */ = {isa = PBXBuildFile; fileRef = 8CC44762216F8C24002F20DA /* Foundation.framework */; };
		8CC44765216F8C6E002F20DA /* GLKit.framework in Frameworks */ = {isa = PBXBuildFile; fileRef = 8CC44764216F8C6E002F20DA /* GLKit.framework */; };
		8CC44767216F8C76002F20DA /* OpenGLES.framework in Frameworks */ = {isa = PBXBuildFile; fileRef = 8CC44766216F8C76002F20DA /* OpenGLES.framework */; };
		8CDB756E21737735006F48BC /* RootGLKView.mm in Sources */ = {isa = PBXBuildFile; fileRef = 8CDB756C21737735006F48BC /* RootGLKView.mm */; };
/* End PBXBuildFile section */

/* Begin PBXFileReference section */
		8C32BAFF2171A1D8003E4BAC /* QuartzCore.framework */ = {isa = PBXFileReference; lastKnownFileType = wrapper.framework; name = QuartzCore.framework; path = System/Library/Frameworks/QuartzCore.framework; sourceTree = SDKROOT; };
		8C406F5A2259048800E28FE7 /* Config-generated.xcconfig */ = {isa = PBXFileReference; fileEncoding = 4; lastKnownFileType = text.xcconfig; path = "Config-generated.xcconfig"; sourceTree = "<group>"; };
		8C561D1B2170D81B009F0306 /* Prefix.pch */ = {isa = PBXFileReference; lastKnownFileType = sourcecode.c.h; path = Prefix.pch; sourceTree = "<group>"; };
		8C613DDE21C66D0D005915F0 /* Assets.lca */ = {isa = PBXFileReference; lastKnownFileType = file; path = Assets.lca; sourceTree = "<group>"; };
		8C613DDF21C66D7E005915F0 /* OpenAL.framework */ = {isa = PBXFileReference; lastKnownFileType = wrapper.framework; name = OpenAL.framework; path = System/Library/Frameworks/OpenAL.framework; sourceTree = SDKROOT; };
		8C95E8C1213BC8B100772569 /* LuminoApp.iOS.app */ = {isa = PBXFileReference; explicitFileType = wrapper.application; includeInIndex = 0; path = LuminoApp.iOS.app; sourceTree = BUILT_PRODUCTS_DIR; };
		8C95E8C4213BC8B100772569 /* AppDelegate.h */ = {isa = PBXFileReference; lastKnownFileType = sourcecode.c.h; path = AppDelegate.h; sourceTree = "<group>"; };
		8C95E8C5213BC8B100772569 /* AppDelegate.mm */ = {isa = PBXFileReference; lastKnownFileType = sourcecode.cpp.objcpp; path = AppDelegate.mm; sourceTree = "<group>"; };
		8C95E8C7213BC8B100772569 /* Renderer.h */ = {isa = PBXFileReference; lastKnownFileType = sourcecode.c.h; path = Renderer.h; sourceTree = "<group>"; };
		8C95E8C8213BC8B100772569 /* Renderer.mm */ = {isa = PBXFileReference; lastKnownFileType = sourcecode.cpp.objcpp; path = Renderer.mm; sourceTree = "<group>"; };
		8C95E8CA213BC8B100772569 /* GameViewController.h */ = {isa = PBXFileReference; lastKnownFileType = sourcecode.c.h; path = GameViewController.h; sourceTree = "<group>"; };
		8C95E8CB213BC8B100772569 /* GameViewController.mm */ = {isa = PBXFileReference; lastKnownFileType = sourcecode.cpp.objcpp; path = GameViewController.mm; sourceTree = "<group>"; };
		8C95E8D1213BC8B100772569 /* Base */ = {isa = PBXFileReference; lastKnownFileType = file.storyboard; name = Base; path = Base.lproj/Main.storyboard; sourceTree = "<group>"; };
		8C95E8D3213BC8B100772569 /* Assets.xcassets */ = {isa = PBXFileReference; lastKnownFileType = folder.assetcatalog; path = Assets.xcassets; sourceTree = "<group>"; };
		8C95E8D6213BC8B100772569 /* Base */ = {isa = PBXFileReference; lastKnownFileType = file.storyboard; name = Base; path = Base.lproj/LaunchScreen.storyboard; sourceTree = "<group>"; };
		8C95E8D8213BC8B100772569 /* Info.plist */ = {isa = PBXFileReference; lastKnownFileType = text.plist.xml; path = Info.plist; sourceTree = "<group>"; };
		8C95E8D9213BC8B100772569 /* main.mm */ = {isa = PBXFileReference; lastKnownFileType = sourcecode.cpp.objcpp; path = main.mm; sourceTree = "<group>"; };
		8C97636521760C0800839863 /* App.h */ = {isa = PBXFileReference; fileEncoding = 4; lastKnownFileType = sourcecode.c.h; path = App.h; sourceTree = "<group>"; };
		8C97636621760C0800839863 /* App.cpp */ = {isa = PBXFileReference; fileEncoding = 4; lastKnownFileType = sourcecode.cpp.cpp; path = App.cpp; sourceTree = "<group>"; };
		8CC4475E216F8BBA002F20DA /* libz.tbd */ = {isa = PBXFileReference; lastKnownFileType = "sourcecode.text-based-dylib-definition"; name = libz.tbd; path = usr/lib/libz.tbd; sourceTree = SDKROOT; };
		8CC44760216F8BF7002F20DA /* UIKit.framework */ = {isa = PBXFileReference; lastKnownFileType = wrapper.framework; name = UIKit.framework; path = System/Library/Frameworks/UIKit.framework; sourceTree = SDKROOT; };
		8CC44762216F8C24002F20DA /* Foundation.framework */ = {isa = PBXFileReference; lastKnownFileType = wrapper.framework; name = Foundation.framework; path = System/Library/Frameworks/Foundation.framework; sourceTree = SDKROOT; };
		8CC44764216F8C6E002F20DA /* GLKit.framework */ = {isa = PBXFileReference; lastKnownFileType = wrapper.framework; name = GLKit.framework; path = System/Library/Frameworks/GLKit.framework; sourceTree = SDKROOT; };
		8CC44766216F8C76002F20DA /* OpenGLES.framework */ = {isa = PBXFileReference; lastKnownFileType = wrapper.framework; name = OpenGLES.framework; path = System/Library/Frameworks/OpenGLES.framework; sourceTree = SDKROOT; };
		8CDB756C21737735006F48BC /* RootGLKView.mm */ = {isa = PBXFileReference; fileEncoding = 4; lastKnownFileType = sourcecode.cpp.objcpp; path = RootGLKView.mm; sourceTree = "<group>"; };
		8CDB756D21737735006F48BC /* RootGLKView.h */ = {isa = PBXFileReference; fileEncoding = 4; lastKnownFileType = sourcecode.c.h; path = RootGLKView.h; sourceTree = "<group>"; };
/* End PBXFileReference section */

/* Begin PBXFrameworksBuildPhase section */
		8C95E8BE213BC8B000772569 /* Frameworks */ = {
			isa = PBXFrameworksBuildPhase;
			buildActionMask = 2147483647;
			files = (
				8C613DE021C66D7E005915F0 /* OpenAL.framework in Frameworks */,
				8C32BB002171A1D8003E4BAC /* QuartzCore.framework in Frameworks */,
				8CC44767216F8C76002F20DA /* OpenGLES.framework in Frameworks */,
				8CC44765216F8C6E002F20DA /* GLKit.framework in Frameworks */,
				8CC44763216F8C24002F20DA /* Foundation.framework in Frameworks */,
				8CC44761216F8BF7002F20DA /* UIKit.framework in Frameworks */,
			);
			runOnlyForDeploymentPostprocessing = 0;
		};
/* End PBXFrameworksBuildPhase section */

/* Begin PBXGroup section */
		8C95E8B8213BC8B000772569 = {
			isa = PBXGroup;
			children = (
				8C97636421760C0800839863 /* Sources */,
				8C95E8C3213BC8B100772569 /* LuminoApp.iOS */,
				8C95E8C2213BC8B100772569 /* Products */,
				8CC44757216F8B97002F20DA /* Frameworks */,
			);
			sourceTree = "<group>";
		};
		8C95E8C2213BC8B100772569 /* Products */ = {
			isa = PBXGroup;
			children = (
				8C95E8C1213BC8B100772569 /* LuminoApp.iOS.app */,
			);
			name = Products;
			sourceTree = "<group>";
		};
		8C95E8C3213BC8B100772569 /* LuminoApp.iOS */ = {
			isa = PBXGroup;
			children = (
				8C613DDE21C66D0D005915F0 /* Assets.lca */,
				8C95E8C4213BC8B100772569 /* AppDelegate.h */,
				8C95E8C5213BC8B100772569 /* AppDelegate.mm */,
				8C95E8C7213BC8B100772569 /* Renderer.h */,
				8C95E8C8213BC8B100772569 /* Renderer.mm */,
				8C95E8CA213BC8B100772569 /* GameViewController.h */,
				8C95E8CB213BC8B100772569 /* GameViewController.mm */,
				8C95E8D0213BC8B100772569 /* Main.storyboard */,
				8C95E8D3213BC8B100772569 /* Assets.xcassets */,
				8C406F5A2259048800E28FE7 /* Config-generated.xcconfig */,
				8C95E8D5213BC8B100772569 /* LaunchScreen.storyboard */,
				8C95E8D8213BC8B100772569 /* Info.plist */,
				8C95E8D9213BC8B100772569 /* main.mm */,
				8C561D1B2170D81B009F0306 /* Prefix.pch */,
				8CDB756D21737735006F48BC /* RootGLKView.h */,
				8CDB756C21737735006F48BC /* RootGLKView.mm */,
			);
			path = LuminoApp.iOS;
			sourceTree = "<group>";
		};
		8C97636421760C0800839863 /* Sources */ = {
			isa = PBXGroup;
			children = (
				8C97636521760C0800839863 /* App.h */,
				8C97636621760C0800839863 /* App.cpp */,
			);
			name = src;
			path = ../../src;
			sourceTree = "<group>";
		};
		8CC44757216F8B97002F20DA /* Frameworks */ = {
			isa = PBXGroup;
			children = (
				8C613DDF21C66D7E005915F0 /* OpenAL.framework */,
				8C32BAFF2171A1D8003E4BAC /* QuartzCore.framework */,
				8CC44766216F8C76002F20DA /* OpenGLES.framework */,
				8CC44764216F8C6E002F20DA /* GLKit.framework */,
				8CC44762216F8C24002F20DA /* Foundation.framework */,
				8CC44760216F8BF7002F20DA /* UIKit.framework */,
				8CC4475E216F8BBA002F20DA /* libz.tbd */,
			);
			name = Frameworks;
			sourceTree = "<group>";
		};
/* End PBXGroup section */

/* Begin PBXNativeTarget section */
		8C95E8C0213BC8B000772569 /* LuminoApp.iOS */ = {
			isa = PBXNativeTarget;
			buildConfigurationList = 8C95E8DD213BC8B100772569 /* Build configuration list for PBXNativeTarget "LuminoApp.iOS" */;
			buildPhases = (
				8C95E8BD213BC8B000772569 /* Sources */,
				8C95E8BE213BC8B000772569 /* Frameworks */,
				8C95E8BF213BC8B000772569 /* Resources */,
			);
			buildRules = (
			);
			dependencies = (
			);
			name = LuminoApp.iOS;
			productName = LuminoApp.iOS;
			productReference = 8C95E8C1213BC8B100772569 /* LuminoApp.iOS.app */;
			productType = "com.apple.product-type.application";
		};
/* End PBXNativeTarget section */

/* Begin PBXProject section */
		8C95E8B9213BC8B000772569 /* Project object */ = {
			isa = PBXProject;
			attributes = {
				LastUpgradeCheck = 1000;
				ORGANIZATIONNAME = Lumino;
				TargetAttributes = {
					8C95E8C0213BC8B000772569 = {
						CreatedOnToolsVersion = 9.2;
						ProvisioningStyle = Automatic;
					};
				};
			};
			buildConfigurationList = 8C95E8BC213BC8B000772569 /* Build configuration list for PBXProject "LuminoApp.iOS" */;
			compatibilityVersion = "Xcode 8.0";
			developmentRegion = en;
			hasScannedForEncodings = 0;
			knownRegions = (
				en,
				Base,
			);
			mainGroup = 8C95E8B8213BC8B000772569;
			productRefGroup = 8C95E8C2213BC8B100772569 /* Products */;
			projectDirPath = "";
			projectRoot = "";
			targets = (
				8C95E8C0213BC8B000772569 /* LuminoApp.iOS */,
			);
		};
/* End PBXProject section */

/* Begin PBXResourcesBuildPhase section */
		8C95E8BF213BC8B000772569 /* Resources */ = {
			isa = PBXResourcesBuildPhase;
			buildActionMask = 2147483647;
			files = (
				8C613DE321C66FAD005915F0 /* Assets.lca in Resources */,
				8C95E8D7213BC8B100772569 /* LaunchScreen.storyboard in Resources */,
				8C95E8D4213BC8B100772569 /* Assets.xcassets in Resources */,
				8C406F5B2259048800E28FE7 /* Config-generated.xcconfig in Resources */,
				8C95E8D2213BC8B100772569 /* Main.storyboard in Resources */,
			);
			runOnlyForDeploymentPostprocessing = 0;
		};
/* End PBXResourcesBuildPhase section */

/* Begin PBXSourcesBuildPhase section */
		8C95E8BD213BC8B000772569 /* Sources */ = {
			isa = PBXSourcesBuildPhase;
			buildActionMask = 2147483647;
			files = (
				8C95E8DA213BC8B100772569 /* main.mm in Sources */,
				8C95E8C9213BC8B100772569 /* Renderer.mm in Sources */,
				8C97636721760C0800839863 /* App.cpp in Sources */,
				8C95E8CC213BC8B100772569 /* GameViewController.mm in Sources */,
				8C95E8C6213BC8B100772569 /* AppDelegate.mm in Sources */,
				8CDB756E21737735006F48BC /* RootGLKView.mm in Sources */,
			);
			runOnlyForDeploymentPostprocessing = 0;
		};
/* End PBXSourcesBuildPhase section */

/* Begin PBXVariantGroup section */
		8C95E8D0213BC8B100772569 /* Main.storyboard */ = {
			isa = PBXVariantGroup;
			children = (
				8C95E8D1213BC8B100772569 /* Base */,
			);
			name = Main.storyboard;
			sourceTree = "<group>";
		};
		8C95E8D5213BC8B100772569 /* LaunchScreen.storyboard */ = {
			isa = PBXVariantGroup;
			children = (
				8C95E8D6213BC8B100772569 /* Base */,
			);
			name = LaunchScreen.storyboard;
			sourceTree = "<group>";
		};
/* End PBXVariantGroup section */

/* Begin XCBuildConfiguration section */
		8C95E8DB213BC8B100772569 /* Debug */ = {
			isa = XCBuildConfiguration;
			baseConfigurationReference = 8C406F5A2259048800E28FE7 /* Config-generated.xcconfig */;
			buildSettings = {
				ALWAYS_SEARCH_USER_PATHS = NO;
				CLANG_ANALYZER_NONNULL = YES;
				CLANG_ANALYZER_NUMBER_OBJECT_CONVERSION = YES_AGGRESSIVE;
				CLANG_CXX_LANGUAGE_STANDARD = "gnu++14";
				CLANG_CXX_LIBRARY = "libc++";
				CLANG_ENABLE_MODULES = YES;
				CLANG_ENABLE_OBJC_ARC = YES;
				CLANG_WARN_BLOCK_CAPTURE_AUTORELEASING = YES;
				CLANG_WARN_BOOL_CONVERSION = YES;
				CLANG_WARN_COMMA = YES;
				CLANG_WARN_CONSTANT_CONVERSION = YES;
				CLANG_WARN_DEPRECATED_OBJC_IMPLEMENTATIONS = YES;
				CLANG_WARN_DIRECT_OBJC_ISA_USAGE = YES_ERROR;
				CLANG_WARN_DOCUMENTATION_COMMENTS = YES;
				CLANG_WARN_EMPTY_BODY = YES;
				CLANG_WARN_ENUM_CONVERSION = YES;
				CLANG_WARN_INFINITE_RECURSION = YES;
				CLANG_WARN_INT_CONVERSION = YES;
				CLANG_WARN_NON_LITERAL_NULL_CONVERSION = YES;
				CLANG_WARN_OBJC_IMPLICIT_RETAIN_SELF = YES;
				CLANG_WARN_OBJC_LITERAL_CONVERSION = YES;
				CLANG_WARN_OBJC_ROOT_CLASS = YES_ERROR;
				CLANG_WARN_RANGE_LOOP_ANALYSIS = YES;
				CLANG_WARN_STRICT_PROTOTYPES = YES;
				CLANG_WARN_SUSPICIOUS_MOVE = YES;
				CLANG_WARN_UNGUARDED_AVAILABILITY = YES_AGGRESSIVE;
				CLANG_WARN_UNREACHABLE_CODE = YES;
				CLANG_WARN__DUPLICATE_METHOD_MATCH = YES;
				CODE_SIGN_IDENTITY = "iPhone Developer";
				COPY_PHASE_STRIP = NO;
				DEBUG_INFORMATION_FORMAT = dwarf;
				ENABLE_STRICT_OBJC_MSGSEND = YES;
				ENABLE_TESTABILITY = YES;
				GCC_C_LANGUAGE_STANDARD = gnu11;
				GCC_DYNAMIC_NO_PIC = NO;
				GCC_NO_COMMON_BLOCKS = YES;
				GCC_OPTIMIZATION_LEVEL = 0;
				GCC_PREPROCESSOR_DEFINITIONS = (
					"DEBUG=1",
					"$(inherited)",
				);
				GCC_WARN_64_TO_32_BIT_CONVERSION = YES;
				GCC_WARN_ABOUT_RETURN_TYPE = YES_ERROR;
				GCC_WARN_UNDECLARED_SELECTOR = YES;
				GCC_WARN_UNINITIALIZED_AUTOS = YES_AGGRESSIVE;
				GCC_WARN_UNUSED_FUNCTION = YES;
				GCC_WARN_UNUSED_VARIABLE = YES;
				IPHONEOS_DEPLOYMENT_TARGET = 11.2;
				MTL_ENABLE_DEBUG_INFO = YES;
				ONLY_ACTIVE_ARCH = YES;
				SDKROOT = iphoneos;
			};
			name = Debug;
		};
		8C95E8DC213BC8B100772569 /* Release */ = {
			isa = XCBuildConfiguration;
			baseConfigurationReference = 8C406F5A2259048800E28FE7 /* Config-generated.xcconfig */;
			buildSettings = {
				ALWAYS_SEARCH_USER_PATHS = NO;
				CLANG_ANALYZER_NONNULL = YES;
				CLANG_ANALYZER_NUMBER_OBJECT_CONVERSION = YES_AGGRESSIVE;
				CLANG_CXX_LANGUAGE_STANDARD = "gnu++14";
				CLANG_CXX_LIBRARY = "libc++";
				CLANG_ENABLE_MODULES = YES;
				CLANG_ENABLE_OBJC_ARC = YES;
				CLANG_WARN_BLOCK_CAPTURE_AUTORELEASING = YES;
				CLANG_WARN_BOOL_CONVERSION = YES;
				CLANG_WARN_COMMA = YES;
				CLANG_WARN_CONSTANT_CONVERSION = YES;
				CLANG_WARN_DEPRECATED_OBJC_IMPLEMENTATIONS = YES;
				CLANG_WARN_DIRECT_OBJC_ISA_USAGE = YES_ERROR;
				CLANG_WARN_DOCUMENTATION_COMMENTS = YES;
				CLANG_WARN_EMPTY_BODY = YES;
				CLANG_WARN_ENUM_CONVERSION = YES;
				CLANG_WARN_INFINITE_RECURSION = YES;
				CLANG_WARN_INT_CONVERSION = YES;
				CLANG_WARN_NON_LITERAL_NULL_CONVERSION = YES;
				CLANG_WARN_OBJC_IMPLICIT_RETAIN_SELF = YES;
				CLANG_WARN_OBJC_LITERAL_CONVERSION = YES;
				CLANG_WARN_OBJC_ROOT_CLASS = YES_ERROR;
				CLANG_WARN_RANGE_LOOP_ANALYSIS = YES;
				CLANG_WARN_STRICT_PROTOTYPES = YES;
				CLANG_WARN_SUSPICIOUS_MOVE = YES;
				CLANG_WARN_UNGUARDED_AVAILABILITY = YES_AGGRESSIVE;
				CLANG_WARN_UNREACHABLE_CODE = YES;
				CLANG_WARN__DUPLICATE_METHOD_MATCH = YES;
				CODE_SIGN_IDENTITY = "iPhone Developer";
				COPY_PHASE_STRIP = NO;
				DEBUG_INFORMATION_FORMAT = "dwarf-with-dsym";
				ENABLE_NS_ASSERTIONS = NO;
				ENABLE_STRICT_OBJC_MSGSEND = YES;
				GCC_C_LANGUAGE_STANDARD = gnu11;
				GCC_NO_COMMON_BLOCKS = YES;
				GCC_WARN_64_TO_32_BIT_CONVERSION = YES;
				GCC_WARN_ABOUT_RETURN_TYPE = YES_ERROR;
				GCC_WARN_UNDECLARED_SELECTOR = YES;
				GCC_WARN_UNINITIALIZED_AUTOS = YES_AGGRESSIVE;
				GCC_WARN_UNUSED_FUNCTION = YES;
				GCC_WARN_UNUSED_VARIABLE = YES;
				IPHONEOS_DEPLOYMENT_TARGET = 11.2;
				MTL_ENABLE_DEBUG_INFO = NO;
				SDKROOT = iphoneos;
				VALIDATE_PRODUCT = YES;
			};
			name = Release;
		};
		8C95E8DE213BC8B100772569 /* Debug */ = {
			isa = XCBuildConfiguration;
			buildSettings = {
				ASSETCATALOG_COMPILER_APPICON_NAME = AppIcon;
				CODE_SIGN_STYLE = Automatic;
				GCC_PRECOMPILE_PREFIX_HEADER = YES;
				GCC_PREFIX_HEADER = LuminoApp.iOS/Prefix.pch;
				HEADER_SEARCH_PATHS = "$(LUMINO_PATH)/Engine/Native/include";
				INFOPLIST_FILE = LuminoApp.iOS/Info.plist;
				LD_RUNPATH_SEARCH_PATHS = "$(inherited) @executable_path/Frameworks";
				LIBRARY_SEARCH_PATHS = "$(LUMINO_PATH)/Engine/Native/lib/iOS-SIMULATOR64-Debug";
				OTHER_LDFLAGS = (
					"-lBox2Dd",
					"-lLuminoCored",
					"-lLuminoEngined",
					"-lBulletCollisiond",
					"-lBulletDynamicsd",
					"-lBulletInverseDynamicsd",
					"-lBulletSoftBodyd",
					"-lLinearMathd",
					"-lfreetyped",
					"-lpng16d",
					"-lpcre2-16d",
					"-lvorbisfiled",
					"-lvorbisd",
					"-lvorbisencd",
					"-loggd",
					"-ltmxlite-s-d",
					"-lzlibd",
				);
				PRODUCT_BUNDLE_IDENTIFIER = "Lumino.LuminoApp-iOS";
				PRODUCT_NAME = "$(TARGET_NAME)";
				TARGETED_DEVICE_FAMILY = "1,2";
			};
			name = Debug;
		};
		8C95E8DF213BC8B100772569 /* Release */ = {
			isa = XCBuildConfiguration;
			buildSettings = {
				ASSETCATALOG_COMPILER_APPICON_NAME = AppIcon;
				CODE_SIGN_STYLE = Automatic;
				GCC_PRECOMPILE_PREFIX_HEADER = YES;
				GCC_PREFIX_HEADER = LuminoApp.iOS/Prefix.pch;
				HEADER_SEARCH_PATHS = "$(LUMINO_PATH)/Engine/Native/include";
				INFOPLIST_FILE = LuminoApp.iOS/Info.plist;
				LD_RUNPATH_SEARCH_PATHS = "$(inherited) @executable_path/Frameworks";
				LIBRARY_SEARCH_PATHS = "$(LUMINO_PATH)/Engine/Native/lib/iOS-SIMULATOR64-Release";
				OTHER_LDFLAGS = (
					"-lBox2D",
					"-lLuminoCore",
					"-lLuminoEngine",
					"-lBulletCollision",
					"-lBulletDynamics",
					"-lBulletInverseDynamics",
					"-lBulletSoftBody",
					"-lLinearMath",
					"-lfreetype",
					"-lpng16",
					"-lpcre2-16",
					"-lvorbisfile",
					"-lvorbis",
					"-lvorbisenc",
					"-logg",
					"-ltmxlite-s",
					"-lzlib",
				);
				PRODUCT_BUNDLE_IDENTIFIER = "Lumino.LuminoApp-iOS";
				PRODUCT_NAME = "$(TARGET_NAME)";
				TARGETED_DEVICE_FAMILY = "1,2";
			};
			name = Release;
		};
/* End XCBuildConfiguration section */

/* Begin XCConfigurationList section */
		8C95E8BC213BC8B000772569 /* Build configuration list for PBXProject "LuminoApp.iOS" */ = {
			isa = XCConfigurationList;
			buildConfigurations = (
				8C95E8DB213BC8B100772569 /* Debug */,
				8C95E8DC213BC8B100772569 /* Release */,
			);
			defaultConfigurationIsVisible = 0;
			defaultConfigurationName = Release;
		};
		8C95E8DD213BC8B100772569 /* Build configuration list for PBXNativeTarget "LuminoApp.iOS" */ = {
			isa = XCConfigurationList;
			buildConfigurations = (
				8C95E8DE213BC8B100772569 /* Debug */,
				8C95E8DF213BC8B100772569 /* Release */,
			);
			defaultConfigurationIsVisible = 0;
			defaultConfigurationName = Release;
		};
/* End XCConfigurationList section */
	};
	rootObject = 8C95E8B9213BC8B000772569 /* Project object */;
}
