<?xml version="1.0" encoding="utf-8"?>
<Project ToolsVersion="4.0" xmlns="http://schemas.microsoft.com/developer/msbuild/2003">
  <ItemGroup>
    <ClInclude Include="Application.h">
      <Filter>Sources</Filter>
    </ClInclude>
    <ClInclude Include="..\Build\Win32\PCH.h">
      <Filter>Win32</Filter>
    </ClInclude>
    <ClInclude Include="..\Build\Win32\Resource.h">
      <Filter>Win32</Filter>
    </ClInclude>
    <ClInclude Include="..\Build\Win32\targetver.h">
      <Filter>Win32</Filter>
    </ClInclude>
  </ItemGroup>
  <ItemGroup>
    <ClCompile Include="Application.cpp">
      <Filter>Sources</Filter>
    </ClCompile>
    <ClCompile Include="..\Build\Win32\PCH.cpp">
      <Filter>Win32</Filter>
    </ClCompile>
  </ItemGroup>
  <ItemGroup>
    <Filter Include="Sources">
      <UniqueIdentifier>{bb09884b-e7e3-4829-9b9c-2930e87fd857}</UniqueIdentifier>
    </Filter>
    <Filter Include="Win32">
      <UniqueIdentifier>{adc445b3-fb60-4f1a-a98f-b1fcf0cb1e24}</UniqueIdentifier>
    </Filter>
  </ItemGroup>
  <ItemGroup>
    <Image Include="..\Build\Win32\app.ico">
      <Filter>Win32</Filter>
    </Image>
    <Image Include="..\Build\Win32\small.ico">
      <Filter>Win32</Filter>
    </Image>
  </ItemGroup>
  <ItemGroup>
    <ResourceCompile Include="..\Build\Win32\Resource.rc">
      <Filter>Win32</Filter>
    </ResourceCompile>
  </ItemGroup>
</Project>