
Microsoft Visual Studio Solution File, Format Version 12.00
# Visual Studio 14
VisualStudioVersion = 14.0.24720.0
MinimumVisualStudioVersion = 10.0.40219.1
Project("{8BC9CEB8-8B4A-11D0-8D11-00A0C91BC942}") = "LuminoProject", "LuminoProject\LuminoProject.vcxproj", "{2D0693E3-A04D-4CCB-95E5-CEFD9F917790}"
EndProject
Project("{FAE04EC0-301F-11D3-BF4B-00C04F79EFBC}") = "LuminoProjectCS", "LuminoProjectCS\LuminoProjectCS.csproj", "{76EA27CF-80AE-4C58-8D7E-AE4DE0B4028D}"
EndProject
Global
	GlobalSection(SolutionConfigurationPlatforms) = preSolution
		Debug|x86 = Debug|x86
		Release|x86 = Release|x86
	EndGlobalSection
	GlobalSection(ProjectConfigurationPlatforms) = postSolution
		{2D0693E3-A04D-4CCB-95E5-CEFD9F917790}.Debug|x86.ActiveCfg = Debug|Win32
		{2D0693E3-A04D-4CCB-95E5-CEFD9F917790}.Debug|x86.Build.0 = Debug|Win32
		{2D0693E3-A04D-4CCB-95E5-CEFD9F917790}.Release|x86.ActiveCfg = Release|Win32
		{2D0693E3-A04D-4CCB-95E5-CEFD9F917790}.Release|x86.Build.0 = Release|Win32
		{76EA27CF-80AE-4C58-8D7E-AE4DE0B4028D}.Debug|x86.ActiveCfg = Debug|x86
		{76EA27CF-80AE-4C58-8D7E-AE4DE0B4028D}.Debug|x86.Build.0 = Debug|x86
		{76EA27CF-80AE-4C58-8D7E-AE4DE0B4028D}.Release|x86.ActiveCfg = Release|x86
		{76EA27CF-80AE-4C58-8D7E-AE4DE0B4028D}.Release|x86.Build.0 = Release|x86
	EndGlobalSection
	GlobalSection(SolutionProperties) = preSolution
		HideSolutionNode = FALSE
	EndGlobalSection
EndGlobal
