<?xml version="1.0" encoding="utf-8"?>
<Project ToolsVersion="4.0" xmlns="http://schemas.microsoft.com/developer/msbuild/2003">
  <ItemGroup>
    <Filter Include="hsp3plugin">
      <UniqueIdentifier>{55363cf1-eac0-441a-9dbb-a4ecb350414b}</UniqueIdentifier>
    </Filter>
    <Filter Include="Source">
      <UniqueIdentifier>{867e5b30-99fd-442d-9ace-5a2ac269cbad}</UniqueIdentifier>
    </Filter>
    <Filter Include="C_API">
      <UniqueIdentifier>{d5eee0c0-9c99-4a39-a8ae-977daf18a569}</UniqueIdentifier>
    </Filter>
  </ItemGroup>
  <ItemGroup>
    <ClInclude Include="..\hsp3plugin\hsp3plugin.h">
      <Filter>hsp3plugin</Filter>
    </ClInclude>
    <ClInclude Include="..\hsp3plugin\hsp3struct.h">
      <Filter>hsp3plugin</Filter>
    </ClInclude>
    <ClInclude Include="..\hsp3plugin\hspvar_core.h">
      <Filter>hsp3plugin</Filter>
    </ClInclude>
    <ClInclude Include="..\hsp3plugin\hsp3debug.h">
      <Filter>hsp3plugin</Filter>
    </ClInclude>
    <ClInclude Include="LuminoHSP.h">
      <Filter>Source</Filter>
    </ClInclude>
    <ClInclude Include="targetver.h">
      <Filter>Source</Filter>
    </ClInclude>
  </ItemGroup>
  <ItemGroup>
    <ClCompile Include="..\hsp3plugin\hsp3plugin.cpp">
      <Filter>hsp3plugin</Filter>
    </ClCompile>
    <ClCompile Include="dllmain.cpp">
      <Filter>Source</Filter>
    </ClCompile>
    <ClCompile Include="LuminoHSP.cpp">
      <Filter>Source</Filter>
    </ClCompile>
    <ClCompile Include="..\..\..\src\C_API\LNMath.cpp">
      <Filter>C_API</Filter>
    </ClCompile>
    <ClCompile Include="..\..\..\src\C_API\LNTypedef.cpp">
      <Filter>C_API</Filter>
    </ClCompile>
    <ClCompile Include="..\..\..\src\C_API\LNApplication.cpp">
      <Filter>C_API</Filter>
    </ClCompile>
    <ClCompile Include="..\..\..\src\C_API\LNAudio.cpp">
      <Filter>C_API</Filter>
    </ClCompile>
    <ClCompile Include="..\..\..\src\C_API\LNBase.cpp">
      <Filter>C_API</Filter>
    </ClCompile>
    <ClCompile Include="..\..\..\src\C_API\LNManager.cpp">
      <Filter>C_API</Filter>
    </ClCompile>
  </ItemGroup>
</Project>