
Microsoft Visual Studio Solution File, Format Version 12.00
# Visual Studio Express 2013 for Windows Desktop
VisualStudioVersion = 12.0.30723.0
MinimumVisualStudioVersion = 10.0.40219.1
Project("{8BC9CEB8-8B4A-11D0-8D11-00A0C91BC942}") = "Audio_PlaySound", "Audio_PlaySound\Audio_PlaySound.vcxproj", "{3F492522-5DE9-468C-85BC-9DDFB6F03814}"
EndProject
Project("{8BC9CEB8-8B4A-11D0-8D11-00A0C91BC942}") = "Audio_GameAudio", "Audio_GameAudio\Audio_GameAudio.vcxproj", "{9043D4EA-8939-407C-B67B-0B11AED5AFC4}"
EndProject
Project("{8BC9CEB8-8B4A-11D0-8D11-00A0C91BC942}") = "Audio_3DSound", "Audio_3DSound\Audio_3DSound.vcxproj", "{87FCBCE9-80F7-49A5-9676-C10E6A7182FB}"
EndProject
Global
	GlobalSection(SolutionConfigurationPlatforms) = preSolution
		Debug|Win32 = Debug|Win32
		Release|Win32 = Release|Win32
	EndGlobalSection
	GlobalSection(ProjectConfigurationPlatforms) = postSolution
		{3F492522-5DE9-468C-85BC-9DDFB6F03814}.Debug|Win32.ActiveCfg = Debug|Win32
		{3F492522-5DE9-468C-85BC-9DDFB6F03814}.Debug|Win32.Build.0 = Debug|Win32
		{3F492522-5DE9-468C-85BC-9DDFB6F03814}.Release|Win32.ActiveCfg = Release|Win32
		{3F492522-5DE9-468C-85BC-9DDFB6F03814}.Release|Win32.Build.0 = Release|Win32
		{9043D4EA-8939-407C-B67B-0B11AED5AFC4}.Debug|Win32.ActiveCfg = Debug|Win32
		{9043D4EA-8939-407C-B67B-0B11AED5AFC4}.Debug|Win32.Build.0 = Debug|Win32
		{9043D4EA-8939-407C-B67B-0B11AED5AFC4}.Release|Win32.ActiveCfg = Release|Win32
		{9043D4EA-8939-407C-B67B-0B11AED5AFC4}.Release|Win32.Build.0 = Release|Win32
		{87FCBCE9-80F7-49A5-9676-C10E6A7182FB}.Debug|Win32.ActiveCfg = Debug|Win32
		{87FCBCE9-80F7-49A5-9676-C10E6A7182FB}.Debug|Win32.Build.0 = Debug|Win32
		{87FCBCE9-80F7-49A5-9676-C10E6A7182FB}.Release|Win32.ActiveCfg = Release|Win32
		{87FCBCE9-80F7-49A5-9676-C10E6A7182FB}.Release|Win32.Build.0 = Release|Win32
	EndGlobalSection
	GlobalSection(SolutionProperties) = preSolution
		HideSolutionNode = FALSE
	EndGlobalSection
EndGlobal
