<?xml version="1.0" encoding="utf-8"?>
<Project ToolsVersion="4.0" xmlns="http://schemas.microsoft.com/developer/msbuild/2003">
  <ItemGroup>
    <Filter Include="app">
      <UniqueIdentifier>{d14a9f4a-4e29-4e53-84e4-b8778baa48a4}</UniqueIdentifier>
    </Filter>
  </ItemGroup>
  <ItemGroup>
    <ClInclude Include="Resource.h">
      <Filter>app</Filter>
    </ClInclude>
    <ClInclude Include="targetver.h">
      <Filter>app</Filter>
    </ClInclude>
    <ClInclude Include="PCH.h">
      <Filter>app</Filter>
    </ClInclude>
  </ItemGroup>
  <ItemGroup>
    <Image Include="LuminoApp.ico">
      <Filter>app</Filter>
    </Image>
    <Image Include="small.ico">
      <Filter>app</Filter>
    </Image>
  </ItemGroup>
  <ItemGroup>
    <ResourceCompile Include="LuminoApp.rc">
      <Filter>app</Filter>
    </ResourceCompile>
  </ItemGroup>
  <ItemGroup>
    <ClCompile Include="PCH.cpp">
      <Filter>app</Filter>
    </ClCompile>
    <ClCompile Include="Launch.cpp">
      <Filter>app</Filter>
    </ClCompile>
    <ClCompile Include="..\..\src\App.cpp" />
  </ItemGroup>
</Project>