
Microsoft Visual Studio Solution File, Format Version 12.00
# Visual Studio 15
VisualStudioVersion = 15.0.28307.960
MinimumVisualStudioVersion = 10.0.40219.1
Project("{FAE04EC0-301F-11D3-BF4B-00C04F79EFBC}") = "Lumino.Dotnet.Test", "Lumino.Dotnet.Test\Lumino.Dotnet.Test.csproj", "{3740236F-3D2C-4B6A-B11A-99F151E3F8C0}"
EndProject
Project("{FAE04EC0-301F-11D3-BF4B-00C04F79EFBC}") = "Lumino.Dotnet", "Lumino.Dotnet\Lumino.Dotnet.csproj", "{BD1E590A-552A-4C86-AB78-B16F19820E33}"
EndProject
Global
	GlobalSection(SolutionConfigurationPlatforms) = preSolution
		Debug|Any CPU = Debug|Any CPU
		Release|Any CPU = Release|Any CPU
	EndGlobalSection
	GlobalSection(ProjectConfigurationPlatforms) = postSolution
		{3740236F-3D2C-4B6A-B11A-99F151E3F8C0}.Debug|Any CPU.ActiveCfg = Debug|Any CPU
		{3740236F-3D2C-4B6A-B11A-99F151E3F8C0}.Debug|Any CPU.Build.0 = Debug|Any CPU
		{3740236F-3D2C-4B6A-B11A-99F151E3F8C0}.Release|Any CPU.ActiveCfg = Release|Any CPU
		{3740236F-3D2C-4B6A-B11A-99F151E3F8C0}.Release|Any CPU.Build.0 = Release|Any CPU
		{BD1E590A-552A-4C86-AB78-B16F19820E33}.Debug|Any CPU.ActiveCfg = Debug|Any CPU
		{BD1E590A-552A-4C86-AB78-B16F19820E33}.Debug|Any CPU.Build.0 = Debug|Any CPU
		{BD1E590A-552A-4C86-AB78-B16F19820E33}.Release|Any CPU.ActiveCfg = Release|Any CPU
		{BD1E590A-552A-4C86-AB78-B16F19820E33}.Release|Any CPU.Build.0 = Release|Any CPU
	EndGlobalSection
	GlobalSection(SolutionProperties) = preSolution
		HideSolutionNode = FALSE
	EndGlobalSection
	GlobalSection(ExtensibilityGlobals) = postSolution
		SolutionGuid = {4DE0685A-A345-4FF5-9A02-2C87FEB7052A}
	EndGlobalSection
EndGlobal
